# This file is automatically @generated by Cargo.
# It is not intended for manual editing.
version = 4

[[package]]
name = "crema-app"
version = "0.1.0"
dependencies = [
 "crema-core",
 "crema-image",
]

[[package]]
name = "crema-core"
version = "0.1.0"

[[package]]
name = "crema-image"
version = "0.1.0"
